# @generated - this file is auto-generated by `mise lock` https://mise.en.dev/dev-tools/mise-lock.html

[[tools.deno]]
version = "2.9.5"
backend = "core:deno"

[tools.deno."platforms.linux-arm64"]
checksum = "sha256:6b7cae3a8fc4385a59dea3146fcb8bad7fea4230e0ad36a8c692afacbc254be0"
url = "https://dl.deno.land/release/v2.9.5/deno-aarch64-unknown-linux-gnu.zip"

[tools.deno."platforms.linux-arm64-musl"]
checksum = "sha256:6b7cae3a8fc4385a59dea3146fcb8bad7fea4230e0ad36a8c692afacbc254be0"
url = "https://dl.deno.land/release/v2.9.5/deno-aarch64-unknown-linux-gnu.zip"

[tools.deno."platforms.linux-x64"]
checksum = "sha256:8b010a3b1a4a0188a67cdb8a7a27348b2a501af78aec7fc74f2ace167368d530"
url = "https://dl.deno.land/release/v2.9.5/deno-x86_64-unknown-linux-gnu.zip"

[tools.deno."platforms.linux-x64-musl"]
checksum = "sha256:8b010a3b1a4a0188a67cdb8a7a27348b2a501af78aec7fc74f2ace167368d530"
url = "https://dl.deno.land/release/v2.9.5/deno-x86_64-unknown-linux-gnu.zip"

[tools.deno."platforms.macos-arm64"]
checksum = "sha256:b796aadd131f6930560c1ee040cf0d6f53933fbb987464e9ff46bd7ea4830615"
url = "https://dl.deno.land/release/v2.9.5/deno-aarch64-apple-darwin.zip"

[tools.deno."platforms.macos-x64"]
checksum = "sha256:c1b8b89a81e91b2a8b3f96def3195d08cfe3a105651da7908d53061f7140510d"
url = "https://dl.deno.land/release/v2.9.5/deno-x86_64-apple-darwin.zip"

[tools.deno."platforms.windows-x64"]
checksum = "sha256:171efab55ac6b9881fd53ee4c20f8bf3bb1340ffc618483746909014db12216a"
url = "https://dl.deno.land/release/v2.9.5/deno-x86_64-pc-windows-msvc.zip"

[[tools."go:github.com/andrew-grechkin/format-yaml"]]
version = "1.0.2"
backend = "go:github.com/andrew-grechkin/format-yaml"

[[tools."go:github.com/andrew-grechkin/update-yaml"]]
version = "1.5.3"
backend = "go:github.com/andrew-grechkin/update-yaml"

[[tools.k3d]]
version = "5.9.0"
backend = "aqua:k3d-io/k3d"

[tools.k3d."platforms.linux-arm64"]
checksum = "sha256:03cde5cf23e6e8e67de5a039ecf26e5b85aca82fba3e5d13dadf904cd218a250"
url = "https://github.com/k3d-io/k3d/releases/download/v5.9.0/k3d-linux-arm64"

[tools.k3d."platforms.linux-arm64-musl"]
checksum = "sha256:03cde5cf23e6e8e67de5a039ecf26e5b85aca82fba3e5d13dadf904cd218a250"
url = "https://github.com/k3d-io/k3d/releases/download/v5.9.0/k3d-linux-arm64"

[tools.k3d."platforms.linux-x64"]
checksum = "sha256:06d8f25bc3a971c4eb29e0ff08429b180402db0f4dec838c9eac427e296800a0"
url = "https://github.com/k3d-io/k3d/releases/download/v5.9.0/k3d-linux-amd64"

[tools.k3d."platforms.linux-x64-musl"]
checksum = "sha256:06d8f25bc3a971c4eb29e0ff08429b180402db0f4dec838c9eac427e296800a0"
url = "https://github.com/k3d-io/k3d/releases/download/v5.9.0/k3d-linux-amd64"

[tools.k3d."platforms.macos-arm64"]
checksum = "sha256:fe106541d5d0a3f18debcd4d432a16f8c0ce3e6ddc06f8fbb6f696a122313e00"
url = "https://github.com/k3d-io/k3d/releases/download/v5.9.0/k3d-darwin-arm64"

[tools.k3d."platforms.macos-x64"]
checksum = "sha256:b4aabc37534f95b9c764e7823f2df923f50d57600837aa60a06266cce47db732"
url = "https://github.com/k3d-io/k3d/releases/download/v5.9.0/k3d-darwin-amd64"

[tools.k3d."platforms.windows-x64"]
checksum = "sha256:49d0b9c796f5b8ba6f58a1dd5469e8b7b34bf9b6ce9078633eedb2789680a034"
url = "https://github.com/k3d-io/k3d/releases/download/v5.9.0/k3d-windows-amd64.exe"

[[tools.k9s]]
version = "0.51.0"
backend = "aqua:derailed/k9s"

[tools.k9s."platforms.linux-arm64"]
checksum = "sha256:3ee05c82e5f9198928a4e86133608ba6a2c10a2244d6a7789e820f78319d640c"
url = "https://github.com/derailed/k9s/releases/download/v0.51.0/k9s_Linux_arm64.tar.gz"

[tools.k9s."platforms.linux-arm64-musl"]
checksum = "sha256:3ee05c82e5f9198928a4e86133608ba6a2c10a2244d6a7789e820f78319d640c"
url = "https://github.com/derailed/k9s/releases/download/v0.51.0/k9s_Linux_arm64.tar.gz"

[tools.k9s."platforms.linux-x64"]
checksum = "sha256:c3752ad51a5a4015a113819c4eeb6e55a4d0e4b8e652494797532f6fc8161dd7"
url = "https://github.com/derailed/k9s/releases/download/v0.51.0/k9s_Linux_amd64.tar.gz"

[tools.k9s."platforms.linux-x64-musl"]
checksum = "sha256:c3752ad51a5a4015a113819c4eeb6e55a4d0e4b8e652494797532f6fc8161dd7"
url = "https://github.com/derailed/k9s/releases/download/v0.51.0/k9s_Linux_amd64.tar.gz"

[tools.k9s."platforms.macos-arm64"]
checksum = "sha256:9b8c0e8f461e5d33aeee43a67f5ef4aff646a008a786887b8266cbb153c610cc"
url = "https://github.com/derailed/k9s/releases/download/v0.51.0/k9s_Darwin_arm64.tar.gz"

[tools.k9s."platforms.macos-x64"]
checksum = "sha256:7e8802c57c45a0cd389e8fc38472243fe4cf48d8ad5957e189ce370e19e5eda0"
url = "https://github.com/derailed/k9s/releases/download/v0.51.0/k9s_Darwin_amd64.tar.gz"

[tools.k9s."platforms.windows-x64"]
checksum = "sha256:bba299f1877913979831543a008f2e104995d2ea4ac8f23d7f49c0444857d973"
url = "https://github.com/derailed/k9s/releases/download/v0.51.0/k9s_Windows_amd64.zip"

[[tools.uv]]
version = "0.11.32"
backend = "aqua:astral-sh/uv"

[tools.uv."platforms.linux-arm64"]
checksum = "sha256:d70cdae687feb6aad9a09fe8d686df8c8efaf69a1007fa581379a2025adc10a5"
url = "https://github.com/astral-sh/uv/releases/download/0.11.32/uv-aarch64-unknown-linux-musl.tar.gz"
url_api = "https://api.github.com/repos/astral-sh/uv/releases/assets/487747547"
provenance = "github-attestations"

[tools.uv."platforms.linux-arm64-musl"]
checksum = "sha256:d70cdae687feb6aad9a09fe8d686df8c8efaf69a1007fa581379a2025adc10a5"
url = "https://github.com/astral-sh/uv/releases/download/0.11.32/uv-aarch64-unknown-linux-musl.tar.gz"
url_api = "https://api.github.com/repos/astral-sh/uv/releases/assets/487747547"
provenance = "github-attestations"

[tools.uv."platforms.linux-x64"]
checksum = "sha256:1fd052f196108d87e61fc3d98fe06b4ec758c9a1eb1466a6fd1a436fe45885f2"
url = "https://github.com/astral-sh/uv/releases/download/0.11.32/uv-x86_64-unknown-linux-musl.tar.gz"
url_api = "https://api.github.com/repos/astral-sh/uv/releases/assets/487747669"
provenance = "github-attestations"

[tools.uv."platforms.linux-x64-musl"]
checksum = "sha256:1fd052f196108d87e61fc3d98fe06b4ec758c9a1eb1466a6fd1a436fe45885f2"
url = "https://github.com/astral-sh/uv/releases/download/0.11.32/uv-x86_64-unknown-linux-musl.tar.gz"
url_api = "https://api.github.com/repos/astral-sh/uv/releases/assets/487747669"
provenance = "github-attestations"

[tools.uv."platforms.macos-arm64"]
checksum = "sha256:ed336d0ba49db8ef89b2b41fffa372ce63bd032f22a56f001c265891aec32829"
url = "https://github.com/astral-sh/uv/releases/download/0.11.32/uv-aarch64-apple-darwin.tar.gz"
url_api = "https://api.github.com/repos/astral-sh/uv/releases/assets/487747526"
provenance = "github-attestations"

[tools.uv."platforms.macos-x64"]
checksum = "sha256:77f5ca26c0de20e992a3677a174fe1121ee25c36f9b1434a863f75bf077a05eb"
url = "https://github.com/astral-sh/uv/releases/download/0.11.32/uv-x86_64-apple-darwin.tar.gz"
url_api = "https://api.github.com/repos/astral-sh/uv/releases/assets/487747646"
provenance = "github-attestations"

[tools.uv."platforms.windows-x64"]
checksum = "sha256:acfde570451cfdb8689fa159a138ee805ba4e241c466432750302c86254b0984"
url = "https://github.com/astral-sh/uv/releases/download/0.11.32/uv-x86_64-pc-windows-msvc.zip"
url_api = "https://api.github.com/repos/astral-sh/uv/releases/assets/487747656"
provenance = "github-attestations"
