# @generated - this file is auto-generated by `mise lock` https://mise.en.dev/dev-tools/mise-lock.html

[[tools.argc]]
version = "1.24.0"
backend = "github:sigoden/argc"

[tools.argc."platforms.linux-arm64"]
checksum = "sha256:1493e522be42b83e326750bbd6bd1893b33ed4889ef6d1a03f18c57702159519"
url = "https://github.com/sigoden/argc/releases/download/v1.24.0/argc-v1.24.0-aarch64-unknown-linux-musl.tar.gz"
url_api = "https://api.github.com/repos/sigoden/argc/releases/assets/424784982"

[tools.argc."platforms.linux-arm64-musl"]
checksum = "sha256:1493e522be42b83e326750bbd6bd1893b33ed4889ef6d1a03f18c57702159519"
url = "https://github.com/sigoden/argc/releases/download/v1.24.0/argc-v1.24.0-aarch64-unknown-linux-musl.tar.gz"
url_api = "https://api.github.com/repos/sigoden/argc/releases/assets/424784982"

[tools.argc."platforms.linux-x64"]
checksum = "sha256:92e2c30ef078e0a66855b5bdd389cefa7ac6ef4c1fe0b177f3f0bf639891aa72"
url = "https://github.com/sigoden/argc/releases/download/v1.24.0/argc-v1.24.0-x86_64-unknown-linux-musl.tar.gz"
url_api = "https://api.github.com/repos/sigoden/argc/releases/assets/424784991"

[tools.argc."platforms.linux-x64-musl"]
checksum = "sha256:92e2c30ef078e0a66855b5bdd389cefa7ac6ef4c1fe0b177f3f0bf639891aa72"
url = "https://github.com/sigoden/argc/releases/download/v1.24.0/argc-v1.24.0-x86_64-unknown-linux-musl.tar.gz"
url_api = "https://api.github.com/repos/sigoden/argc/releases/assets/424784991"

[tools.argc."platforms.macos-arm64"]
checksum = "sha256:617e2fbca3ce0fe604b82f22cd857e3d53fa1b53dbb18d5883bb0f935c31f42e"
url = "https://github.com/sigoden/argc/releases/download/v1.24.0/argc-v1.24.0-aarch64-apple-darwin.tar.gz"
url_api = "https://api.github.com/repos/sigoden/argc/releases/assets/424786151"

[tools.argc."platforms.macos-x64"]
checksum = "sha256:fc096ec0569e166856b838cc9a54a6818f3062eea87e94fd69c3452a7e2c0097"
url = "https://github.com/sigoden/argc/releases/download/v1.24.0/argc-v1.24.0-x86_64-apple-darwin.tar.gz"
url_api = "https://api.github.com/repos/sigoden/argc/releases/assets/424784918"

[[tools.bat]]
version = "0.26.1"
backend = "aqua:sharkdp/bat"

[tools.bat."platforms.linux-arm64"]
checksum = "sha256:6369242c584065f195fb20cb36fbd7cb63ae690605bbe89868a7596b596c2c23"
url = "https://github.com/sharkdp/bat/releases/download/v0.26.1/bat-v0.26.1-aarch64-unknown-linux-musl.tar.gz"

[tools.bat."platforms.linux-arm64-musl"]
checksum = "sha256:6369242c584065f195fb20cb36fbd7cb63ae690605bbe89868a7596b596c2c23"
url = "https://github.com/sharkdp/bat/releases/download/v0.26.1/bat-v0.26.1-aarch64-unknown-linux-musl.tar.gz"

[tools.bat."platforms.linux-x64"]
checksum = "sha256:0dcd8ac79732c0d5b136f11f4ee00e581440e16a44eab5b3105b611bbf2cf191"
url = "https://github.com/sharkdp/bat/releases/download/v0.26.1/bat-v0.26.1-x86_64-unknown-linux-musl.tar.gz"

[tools.bat."platforms.linux-x64-musl"]
checksum = "sha256:0dcd8ac79732c0d5b136f11f4ee00e581440e16a44eab5b3105b611bbf2cf191"
url = "https://github.com/sharkdp/bat/releases/download/v0.26.1/bat-v0.26.1-x86_64-unknown-linux-musl.tar.gz"

[tools.bat."platforms.macos-arm64"]
checksum = "sha256:e30beff26779c9bf60bb541e1d79046250cb74378f2757f8eb250afddb19e114"
url = "https://github.com/sharkdp/bat/releases/download/v0.26.1/bat-v0.26.1-aarch64-apple-darwin.tar.gz"

[tools.bat."platforms.macos-x64"]
checksum = "sha256:830d63b0bba1fa040542ec569e3cf77f60d3356b9de75116a344b061e0894245"
url = "https://github.com/sharkdp/bat/releases/download/v0.26.1/bat-v0.26.1-x86_64-apple-darwin.tar.gz"

[[tools."cargo:andrew-grechkin/secret-ctl"]]
version = "HEAD"
backend = "cargo:andrew-grechkin/secret-ctl"

[[tools.delta]]
version = "0.19.2"
backend = "aqua:dandavison/delta"

[tools.delta."platforms.linux-arm64"]
checksum = "sha256:0bfce159a5cddd5feb3d6db4a616d883ff51253ce08ac7ec11cb1d208cfaab9e"
url = "https://github.com/dandavison/delta/releases/download/0.19.2/delta-0.19.2-aarch64-unknown-linux-gnu.tar.gz"

[tools.delta."platforms.linux-arm64-musl"]
checksum = "sha256:0bfce159a5cddd5feb3d6db4a616d883ff51253ce08ac7ec11cb1d208cfaab9e"
url = "https://github.com/dandavison/delta/releases/download/0.19.2/delta-0.19.2-aarch64-unknown-linux-gnu.tar.gz"

[tools.delta."platforms.linux-x64"]
checksum = "sha256:f1ea01ca7728ce3462debc359f39dfc7cbbc1a63224b71fefabf92042864aa1b"
url = "https://github.com/dandavison/delta/releases/download/0.19.2/delta-0.19.2-x86_64-unknown-linux-musl.tar.gz"

[tools.delta."platforms.linux-x64-musl"]
checksum = "sha256:f1ea01ca7728ce3462debc359f39dfc7cbbc1a63224b71fefabf92042864aa1b"
url = "https://github.com/dandavison/delta/releases/download/0.19.2/delta-0.19.2-x86_64-unknown-linux-musl.tar.gz"

[tools.delta."platforms.macos-arm64"]
checksum = "sha256:9be36612a5a13e9e386dc498fb8e50dc87c72ee42b63db0ea05b32f99a72a69a"
url = "https://github.com/dandavison/delta/releases/download/0.19.2/delta-0.19.2-aarch64-apple-darwin.tar.gz"

[[tools.eza]]
version = "0.23.5"
backend = "aqua:eza-community/eza"

[tools.eza."platforms.linux-arm64"]
checksum = "sha256:40b87ae8628aa2ff0f0d2dc24ab52f689631366385c3da630bae745671fd71ec"
url = "https://github.com/eza-community/eza/releases/download/v0.23.5/eza_aarch64-unknown-linux-gnu.tar.gz"

[tools.eza."platforms.linux-x64"]
checksum = "sha256:e06eebab74b73d6b7d51a796a353824b001bea82df077706382e100815d28904"
url = "https://github.com/eza-community/eza/releases/download/v0.23.5/eza_x86_64-unknown-linux-musl.tar.gz"

[tools.eza."platforms.linux-x64-musl"]
checksum = "sha256:e06eebab74b73d6b7d51a796a353824b001bea82df077706382e100815d28904"
url = "https://github.com/eza-community/eza/releases/download/v0.23.5/eza_x86_64-unknown-linux-musl.tar.gz"

[[tools.fd]]
version = "10.5.0"
backend = "aqua:sharkdp/fd"

[tools.fd."platforms.linux-arm64"]
checksum = "sha256:c0ee43802e3313a317c5af2f4eabd6ba13eeedd595af9775f05e18a13ac4f52c"
url = "https://github.com/sharkdp/fd/releases/download/v10.5.0/fd-v10.5.0-aarch64-unknown-linux-gnu.tar.gz"
url_api = "https://api.github.com/repos/sharkdp/fd/releases/assets/530482307"

[tools.fd."platforms.linux-arm64-musl"]
checksum = "sha256:d76c4317f7d5dba69f8a2a15856c90c777e7f0dd4e85f0de8c76de6992c374d4"
url = "https://github.com/sharkdp/fd/releases/download/v10.5.0/fd-v10.5.0-aarch64-unknown-linux-musl.tar.gz"
url_api = "https://api.github.com/repos/sharkdp/fd/releases/assets/530481810"

[tools.fd."platforms.linux-x64"]
checksum = "sha256:a1259cd129636efbc3fef123525c1b49e88fe5088c012630983c310e52fdfa95"
url = "https://github.com/sharkdp/fd/releases/download/v10.5.0/fd-v10.5.0-x86_64-unknown-linux-gnu.tar.gz"
url_api = "https://api.github.com/repos/sharkdp/fd/releases/assets/530481615"

[tools.fd."platforms.linux-x64-musl"]
checksum = "sha256:761c72dc8e120d85b22292063be8a796e2eeb20eb3e4f38b8fa2343ccf3514a7"
url = "https://github.com/sharkdp/fd/releases/download/v10.5.0/fd-v10.5.0-x86_64-unknown-linux-musl.tar.gz"
url_api = "https://api.github.com/repos/sharkdp/fd/releases/assets/530481315"

[tools.fd."platforms.macos-arm64"]
checksum = "sha256:b67e1836c468e42e411984b56e52fa7abec08c2bd22c867398e7cc134aac5e12"
url = "https://github.com/sharkdp/fd/releases/download/v10.5.0/fd-v10.5.0-aarch64-apple-darwin.tar.gz"
url_api = "https://api.github.com/repos/sharkdp/fd/releases/assets/530481346"

[[tools.fzf]]
version = "0.74.3"
backend = "aqua:junegunn/fzf"

[tools.fzf."platforms.linux-arm64"]
checksum = "sha256:4a17a17b46bd0c4873e995533de508995c11572c0be0664a5dbcf13f60463046"
url = "https://github.com/junegunn/fzf/releases/download/v0.74.3/fzf-0.74.3-linux_arm64.tar.gz"
url_api = "https://api.github.com/repos/junegunn/fzf/releases/assets/517537065"

[tools.fzf."platforms.linux-arm64-musl"]
checksum = "sha256:4a17a17b46bd0c4873e995533de508995c11572c0be0664a5dbcf13f60463046"
url = "https://github.com/junegunn/fzf/releases/download/v0.74.3/fzf-0.74.3-linux_arm64.tar.gz"
url_api = "https://api.github.com/repos/junegunn/fzf/releases/assets/517537065"

[tools.fzf."platforms.linux-x64"]
checksum = "sha256:3501a595e4b5c40a6b047340a0e8f805c46fd4e61ef95ef8a136ba8c61cf6f22"
url = "https://github.com/junegunn/fzf/releases/download/v0.74.3/fzf-0.74.3-linux_amd64.tar.gz"
url_api = "https://api.github.com/repos/junegunn/fzf/releases/assets/517537066"

[tools.fzf."platforms.linux-x64-musl"]
checksum = "sha256:3501a595e4b5c40a6b047340a0e8f805c46fd4e61ef95ef8a136ba8c61cf6f22"
url = "https://github.com/junegunn/fzf/releases/download/v0.74.3/fzf-0.74.3-linux_amd64.tar.gz"
url_api = "https://api.github.com/repos/junegunn/fzf/releases/assets/517537066"

[tools.fzf."platforms.macos-arm64"]
checksum = "sha256:1f8501cea4f9c0c2d6110d0ff75d0ec9451cd9d7524d9a26244a154ea89f3bd5"
url = "https://github.com/junegunn/fzf/releases/download/v0.74.3/fzf-0.74.3-darwin_arm64.tar.gz"
url_api = "https://api.github.com/repos/junegunn/fzf/releases/assets/517537091"

[tools.fzf."platforms.macos-x64"]
checksum = "sha256:b8a231250eedec244539ade3dc437bcd60e545a099c6cc0c8a11bdbd8574b9bc"
url = "https://github.com/junegunn/fzf/releases/download/v0.74.3/fzf-0.74.3-darwin_amd64.tar.gz"
url_api = "https://api.github.com/repos/junegunn/fzf/releases/assets/517537094"

[[tools.go]]
version = "1.27.1"
backend = "core:go"

[tools.go."platforms.linux-arm64"]
checksum = "sha256:3450b45a3f9ee8568792736a5c5e70a1f2e9b36c35a8f74958c03e51d7d92bec"
url = "https://dl.google.com/go/go1.27.1.linux-arm64.tar.gz"

[tools.go."platforms.linux-arm64-musl"]
checksum = "sha256:3450b45a3f9ee8568792736a5c5e70a1f2e9b36c35a8f74958c03e51d7d92bec"
url = "https://dl.google.com/go/go1.27.1.linux-arm64.tar.gz"

[tools.go."platforms.linux-x64"]
checksum = "sha256:63d339f0da5ab53635a56f2490a7984dfe12dfcff22ad749f63edaf590168445"
url = "https://dl.google.com/go/go1.27.1.linux-amd64.tar.gz"

[tools.go."platforms.linux-x64-musl"]
checksum = "sha256:63d339f0da5ab53635a56f2490a7984dfe12dfcff22ad749f63edaf590168445"
url = "https://dl.google.com/go/go1.27.1.linux-amd64.tar.gz"

[tools.go."platforms.macos-arm64"]
checksum = "sha256:ee215d57e0ec269c60cc9ceca68e6bda321ba9ee5afe24f4b0988703c2d87d12"
url = "https://dl.google.com/go/go1.27.1.darwin-arm64.tar.gz"

[tools.go."platforms.macos-x64"]
checksum = "sha256:8f8f52c6649542cf027bbc9b9c68d1ec042f9f34808a40413f0b8b3f66f3caa4"
url = "https://dl.google.com/go/go1.27.1.darwin-amd64.tar.gz"

[[tools."go:github.com/andrew-grechkin/colored-md"]]
version = "1.4.2"
backend = "go:github.com/andrew-grechkin/colored-md"

[[tools."go:github.com/andrew-grechkin/git-credential-oauth"]]
version = "0.17.3-alpha"
backend = "go:github.com/andrew-grechkin/git-credential-oauth"

[[tools."go:github.com/andrew-grechkin/gotmpl2text"]]
version = "1.9.0"
backend = "go:github.com/andrew-grechkin/gotmpl2text"

[[tools.gum]]
version = "2.0.0"
backend = "aqua:charmbracelet/gum"

[tools.gum."platforms.linux-arm64"]
checksum = "sha256:ed51e91457a48f5681f67dd925bd40eb1794d41d1f48cf1d7e19e2517b7fac76"
url = "https://github.com/charmbracelet/gum/releases/download/v2.0.0/gum_2.0.0_Linux_arm64.tar.gz"
url_api = "https://api.github.com/repos/charmbracelet/gum/releases/assets/521957954"

[tools.gum."platforms.linux-arm64-musl"]
checksum = "sha256:ed51e91457a48f5681f67dd925bd40eb1794d41d1f48cf1d7e19e2517b7fac76"
url = "https://github.com/charmbracelet/gum/releases/download/v2.0.0/gum_2.0.0_Linux_arm64.tar.gz"
url_api = "https://api.github.com/repos/charmbracelet/gum/releases/assets/521957954"

[tools.gum."platforms.linux-x64"]
checksum = "sha256:c99b0005bb5b514770eea404b24c7987e08eba35bb0b2d7bc6545bb676c36861"
url = "https://github.com/charmbracelet/gum/releases/download/v2.0.0/gum_2.0.0_Linux_x86_64.tar.gz"
url_api = "https://api.github.com/repos/charmbracelet/gum/releases/assets/521957928"

[tools.gum."platforms.linux-x64-musl"]
checksum = "sha256:c99b0005bb5b514770eea404b24c7987e08eba35bb0b2d7bc6545bb676c36861"
url = "https://github.com/charmbracelet/gum/releases/download/v2.0.0/gum_2.0.0_Linux_x86_64.tar.gz"
url_api = "https://api.github.com/repos/charmbracelet/gum/releases/assets/521957928"

[tools.gum."platforms.macos-arm64"]
checksum = "sha256:20224bcddeda5b9146373862ca77be7b1592c46c271435e00a2d3ab3f7750bb0"
url = "https://github.com/charmbracelet/gum/releases/download/v2.0.0/gum_2.0.0_Darwin_arm64.tar.gz"
url_api = "https://api.github.com/repos/charmbracelet/gum/releases/assets/521957955"

[tools.gum."platforms.macos-x64"]
checksum = "sha256:a5aa27c887f891427cfa84d4e11aa25254c982fb1591633009bb16d0e9398f49"
url = "https://github.com/charmbracelet/gum/releases/download/v2.0.0/gum_2.0.0_Darwin_x86_64.tar.gz"
url_api = "https://api.github.com/repos/charmbracelet/gum/releases/assets/521957922"

[[tools.jaq]]
version = "3.1.1"
backend = "aqua:01mf02/jaq"

[tools.jaq."platforms.linux-arm64"]
checksum = "sha256:bdda42d5a8c060a2c7916b287a227e7750d5fccbd4c37aacf0ab863010921829"
url = "https://github.com/01mf02/jaq/releases/download/v3.1.1/jaq-aarch64-unknown-linux-gnu"
url_api = "https://api.github.com/repos/01mf02/jaq/releases/assets/502327954"

[tools.jaq."platforms.linux-x64"]
checksum = "sha256:b9a07a6f10f0305d96d333ea7db69d60704eb4d4e71c98094157e3cc9fe08110"
url = "https://github.com/01mf02/jaq/releases/download/v3.1.1/jaq-x86_64-unknown-linux-musl"
url_api = "https://api.github.com/repos/01mf02/jaq/releases/assets/502327739"

[tools.jaq."platforms.linux-x64-musl"]
checksum = "sha256:b9a07a6f10f0305d96d333ea7db69d60704eb4d4e71c98094157e3cc9fe08110"
url = "https://github.com/01mf02/jaq/releases/download/v3.1.1/jaq-x86_64-unknown-linux-musl"
url_api = "https://api.github.com/repos/01mf02/jaq/releases/assets/502327739"

[tools.jaq."platforms.macos-arm64"]
checksum = "sha256:b1a2e63384e156d90bbf61a1142302aa59bfebd8c89e24dfc9b5747618880fcd"
url = "https://github.com/01mf02/jaq/releases/download/v3.1.1/jaq-aarch64-apple-darwin"
url_api = "https://api.github.com/repos/01mf02/jaq/releases/assets/502328070"

[tools.jaq."platforms.macos-x64"]
checksum = "sha256:34b1a9495dbd28df09ad83c832a2ae4be60657d8c24e72f28565cd19b98ed0af"
url = "https://github.com/01mf02/jaq/releases/download/v3.1.1/jaq-x86_64-apple-darwin"
url_api = "https://api.github.com/repos/01mf02/jaq/releases/assets/502327833"

[[tools.jq]]
version = "1.8.2"
backend = "aqua:jqlang/jq"

[tools.jq."platforms.linux-arm64"]
checksum = "sha256:8b85c817833814ddca00a144c33705546355afccf0cf39b188f3cdb48b852309"
url = "https://github.com/jqlang/jq/releases/download/jq-1.8.2/jq-linux-arm64"
provenance = "github-attestations"

[tools.jq."platforms.linux-arm64-musl"]
checksum = "sha256:8b85c817833814ddca00a144c33705546355afccf0cf39b188f3cdb48b852309"
url = "https://github.com/jqlang/jq/releases/download/jq-1.8.2/jq-linux-arm64"
provenance = "github-attestations"

[tools.jq."platforms.linux-x64"]
checksum = "sha256:b1c22172dd303f3be49e935aa56aa48a8b7a46e0bc838b4997d3bb451495870f"
url = "https://github.com/jqlang/jq/releases/download/jq-1.8.2/jq-linux-amd64"
provenance = "github-attestations"

[tools.jq."platforms.linux-x64-musl"]
checksum = "sha256:b1c22172dd303f3be49e935aa56aa48a8b7a46e0bc838b4997d3bb451495870f"
url = "https://github.com/jqlang/jq/releases/download/jq-1.8.2/jq-linux-amd64"
provenance = "github-attestations"

[tools.jq."platforms.macos-arm64"]
checksum = "sha256:2d75340ba57a4b4b4c8708a21c2dc8e958a48aaa8bba13b27f77f6e4c0eca07e"
url = "https://github.com/jqlang/jq/releases/download/jq-1.8.2/jq-macos-arm64"
provenance = "github-attestations"

[tools.jq."platforms.macos-x64"]
checksum = "sha256:e94b266e3c26690550006abe63152b782280f4e14374accdf04cbde844f00bc0"
url = "https://github.com/jqlang/jq/releases/download/jq-1.8.2/jq-macos-amd64"
provenance = "github-attestations"

[[tools.just]]
version = "1.58.0"
backend = "aqua:casey/just"

[tools.just."platforms.linux-arm64"]
checksum = "sha256:748237128c4c40cbdabc65e841d05ceba13cc23a91eaba395495894c1d9764df"
url = "https://github.com/casey/just/releases/download/1.58.0/just-1.58.0-aarch64-unknown-linux-musl.tar.gz"
url_api = "https://api.github.com/repos/casey/just/releases/assets/500510099"

[tools.just."platforms.linux-arm64-musl"]
checksum = "sha256:748237128c4c40cbdabc65e841d05ceba13cc23a91eaba395495894c1d9764df"
url = "https://github.com/casey/just/releases/download/1.58.0/just-1.58.0-aarch64-unknown-linux-musl.tar.gz"
url_api = "https://api.github.com/repos/casey/just/releases/assets/500510099"

[tools.just."platforms.linux-x64"]
checksum = "sha256:4a5cc2f53e6f0f8c59092a6cc38291eb729d46a7dd95d3ae582008881b84931d"
url = "https://github.com/casey/just/releases/download/1.58.0/just-1.58.0-x86_64-unknown-linux-musl.tar.gz"
url_api = "https://api.github.com/repos/casey/just/releases/assets/500509978"

[tools.just."platforms.linux-x64-musl"]
checksum = "sha256:4a5cc2f53e6f0f8c59092a6cc38291eb729d46a7dd95d3ae582008881b84931d"
url = "https://github.com/casey/just/releases/download/1.58.0/just-1.58.0-x86_64-unknown-linux-musl.tar.gz"
url_api = "https://api.github.com/repos/casey/just/releases/assets/500509978"

[tools.just."platforms.macos-arm64"]
checksum = "sha256:50ae3e996c974a0bf32ea7d10f495070df33f1b43e0616b2769e3d4821ed8f48"
url = "https://github.com/casey/just/releases/download/1.58.0/just-1.58.0-aarch64-apple-darwin.tar.gz"
url_api = "https://api.github.com/repos/casey/just/releases/assets/500509965"

[tools.just."platforms.macos-x64"]
checksum = "sha256:9a09cfef66aaa79da58203970103a0684307716caaabd3e9844cacc4dc0f4023"
url = "https://github.com/casey/just/releases/download/1.58.0/just-1.58.0-x86_64-apple-darwin.tar.gz"
url_api = "https://api.github.com/repos/casey/just/releases/assets/500510084"

[[tools.neovim]]
version = "0.12.5"
backend = "vfox:mise-plugins/vfox-neovim"

[tools.neovim."platforms.linux-arm64"]
url = "https://github.com/neovim/neovim/releases/download/v0.12.5/nvim-linux-arm64.tar.gz"

[tools.neovim."platforms.linux-arm64-musl"]
url = "https://github.com/neovim/neovim/releases/download/v0.12.5/nvim-linux-arm64.tar.gz"

[tools.neovim."platforms.linux-x64"]
url = "https://github.com/neovim/neovim/releases/download/v0.12.5/nvim-linux-x86_64.tar.gz"

[tools.neovim."platforms.linux-x64-musl"]
url = "https://github.com/neovim/neovim/releases/download/v0.12.5/nvim-linux-x86_64.tar.gz"

[tools.neovim."platforms.macos-arm64"]
url = "https://github.com/neovim/neovim/releases/download/v0.12.5/nvim-macos-arm64.tar.gz"

[tools.neovim."platforms.macos-x64"]
url = "https://github.com/neovim/neovim/releases/download/v0.12.5/nvim-macos-x86_64.tar.gz"

[[tools.node]]
version = "26.8.1"
backend = "core:node"

[tools.node."platforms.linux-arm64"]
checksum = "sha256:d5f973ce975e4bd03e6c2038260f7e9201615aa8e1ee293c72f8dcc2a6d9fddb"
url = "https://nodejs.org/dist/v26.8.1/node-v26.8.1-linux-arm64.tar.gz"

[tools.node."platforms.linux-arm64-musl"]
checksum = "sha256:0fe78afdeb4a4d273b14abbd4b946c772885c58994c9d23b1c8ae0a59a2f8a53"
url = "https://unofficial-builds.nodejs.org/download/release/v26.8.1/node-v26.8.1-linux-arm64-musl.tar.gz"

[tools.node."platforms.linux-x64"]
checksum = "sha256:b2b76660fa4ded4e0b2a41ee3c0c651cd52ea8170ead91ebac1e147ac3d55643"
url = "https://nodejs.org/dist/v26.8.1/node-v26.8.1-linux-x64.tar.gz"

[tools.node."platforms.linux-x64-musl"]
checksum = "sha256:13135a6a2106f9d111fa9b48c8801ed119ad43e7e1d00de17d77a9c44899aada"
url = "https://unofficial-builds.nodejs.org/download/release/v26.8.1/node-v26.8.1-linux-x64-musl.tar.gz"

[tools.node."platforms.macos-arm64"]
checksum = "sha256:6e577fd0d9db776db82306629e441a9dace416702622aebdd171c9dfaa41f4d2"
url = "https://nodejs.org/dist/v26.8.1/node-v26.8.1-darwin-arm64.tar.gz"

[tools.node."platforms.macos-x64"]
checksum = "sha256:fe9c6dbf9c8e1b4443803d75e2a20366e420dae650c747dbb116b22975751baf"
url = "https://nodejs.org/dist/v26.8.1/node-v26.8.1-darwin-x64.tar.gz"

[[tools.perl]]
version = "5.44.0.0"
backend = "aqua:skaji/relocatable-perl"

[tools.perl."platforms.linux-arm64"]
checksum = "sha256:b1a3aa7be1ea0239a29e503b63a52a694371670d4dc535c716d9a16ea2aaa453"
url = "https://github.com/skaji/relocatable-perl/releases/download/5.44.0.0/perl-linux-arm64.tar.gz"
url_api = "https://api.github.com/repos/skaji/relocatable-perl/releases/assets/478554568"

[tools.perl."platforms.linux-arm64-musl"]
checksum = "sha256:b1a3aa7be1ea0239a29e503b63a52a694371670d4dc535c716d9a16ea2aaa453"
url = "https://github.com/skaji/relocatable-perl/releases/download/5.44.0.0/perl-linux-arm64.tar.gz"
url_api = "https://api.github.com/repos/skaji/relocatable-perl/releases/assets/478554568"

[tools.perl."platforms.linux-x64"]
checksum = "sha256:99fa984bab4eb536dae9630d5d47f3f5bd23a71c361d94dc6ef3a68a7186dcb0"
url = "https://github.com/skaji/relocatable-perl/releases/download/5.44.0.0/perl-linux-amd64.tar.gz"
url_api = "https://api.github.com/repos/skaji/relocatable-perl/releases/assets/478554569"

[tools.perl."platforms.linux-x64-musl"]
checksum = "sha256:99fa984bab4eb536dae9630d5d47f3f5bd23a71c361d94dc6ef3a68a7186dcb0"
url = "https://github.com/skaji/relocatable-perl/releases/download/5.44.0.0/perl-linux-amd64.tar.gz"
url_api = "https://api.github.com/repos/skaji/relocatable-perl/releases/assets/478554569"

[tools.perl."platforms.macos-arm64"]
checksum = "sha256:213733e18662720a3d25fd6e1adeddd05f56ce50b5e1f8bc6bd194e3f43e44d2"
url = "https://github.com/skaji/relocatable-perl/releases/download/5.44.0.0/perl-darwin-arm64.tar.gz"
url_api = "https://api.github.com/repos/skaji/relocatable-perl/releases/assets/478554580"

[tools.perl."platforms.macos-x64"]
checksum = "sha256:1898662f3526d87e666fc9000a6ce8ef6d8a81fcc072c998eafae8004389619b"
url = "https://github.com/skaji/relocatable-perl/releases/download/5.44.0.0/perl-darwin-amd64.tar.gz"
url_api = "https://api.github.com/repos/skaji/relocatable-perl/releases/assets/478554571"

[[tools.rg]]
version = "15.2.0"
backend = "aqua:BurntSushi/ripgrep"

[tools.rg."platforms.linux-arm64"]
checksum = "sha256:a740b91c82eaf9914cfedd353572f2791cbe0162c84101ee0951058f4dcbc90d"
url = "https://github.com/BurntSushi/ripgrep/releases/download/15.2.0/ripgrep-15.2.0-aarch64-unknown-linux-gnu.tar.gz"
url_api = "https://api.github.com/repos/BurntSushi/ripgrep/releases/assets/478119579"

[tools.rg."platforms.linux-arm64-musl"]
checksum = "sha256:800b1e7206afe799dfb5a6901f23147cfaabe0e52210538100f61e86e1740915"
url = "https://github.com/BurntSushi/ripgrep/releases/download/15.2.0/ripgrep-15.2.0-aarch64-unknown-linux-musl.tar.gz"
url_api = "https://api.github.com/repos/BurntSushi/ripgrep/releases/assets/478120060"

[tools.rg."platforms.linux-x64"]
checksum = "sha256:33e15bcf1624b25cdd2a55813a47a2f95dbe126268203e76aa6a585d1e7b149c"
url = "https://github.com/BurntSushi/ripgrep/releases/download/15.2.0/ripgrep-15.2.0-x86_64-unknown-linux-musl.tar.gz"
url_api = "https://api.github.com/repos/BurntSushi/ripgrep/releases/assets/478120097"

[tools.rg."platforms.linux-x64-musl"]
checksum = "sha256:33e15bcf1624b25cdd2a55813a47a2f95dbe126268203e76aa6a585d1e7b149c"
url = "https://github.com/BurntSushi/ripgrep/releases/download/15.2.0/ripgrep-15.2.0-x86_64-unknown-linux-musl.tar.gz"
url_api = "https://api.github.com/repos/BurntSushi/ripgrep/releases/assets/478120097"

[tools.rg."platforms.macos-arm64"]
checksum = "sha256:3750b2e93f37e0c692657da574d7019a101c0084da05a790c83fd335bad973e4"
url = "https://github.com/BurntSushi/ripgrep/releases/download/15.2.0/ripgrep-15.2.0-aarch64-apple-darwin.tar.gz"
url_api = "https://api.github.com/repos/BurntSushi/ripgrep/releases/assets/478118851"

[tools.rg."platforms.macos-x64"]
checksum = "sha256:af7825fcc69a2afc7a7aea55fc9af90e26421d8f20fe59df32e233c0b8a231c1"
url = "https://github.com/BurntSushi/ripgrep/releases/download/15.2.0/ripgrep-15.2.0-x86_64-apple-darwin.tar.gz"
url_api = "https://api.github.com/repos/BurntSushi/ripgrep/releases/assets/478119585"

[[tools.rust]]
version = "1.98.1"
backend = "core:rust"

[[tools.tree-sitter]]
version = "0.27.0"
backend = "aqua:tree-sitter/tree-sitter"

[tools.tree-sitter."platforms.linux-arm64"]
checksum = "sha256:3a35a2dd961ad842384e982c75daf792c01d1a67e442fc3914d4de37bd8a59cb"
url = "https://github.com/tree-sitter/tree-sitter/releases/download/v0.27.0/tree-sitter-linux-arm64.gz"
url_api = "https://api.github.com/repos/tree-sitter/tree-sitter/releases/assets/536857304"
provenance = "github-attestations"

[tools.tree-sitter."platforms.linux-arm64-musl"]
checksum = "sha256:3a35a2dd961ad842384e982c75daf792c01d1a67e442fc3914d4de37bd8a59cb"
url = "https://github.com/tree-sitter/tree-sitter/releases/download/v0.27.0/tree-sitter-linux-arm64.gz"
url_api = "https://api.github.com/repos/tree-sitter/tree-sitter/releases/assets/536857304"
provenance = "github-attestations"

[tools.tree-sitter."platforms.linux-x64"]
checksum = "sha256:20a1f39ec1c45f2211492dcb8881c802b643b554bb196869a29ac3778277fa77"
url = "https://github.com/tree-sitter/tree-sitter/releases/download/v0.27.0/tree-sitter-linux-x64.gz"
url_api = "https://api.github.com/repos/tree-sitter/tree-sitter/releases/assets/536857303"
provenance = "github-attestations"

[tools.tree-sitter."platforms.linux-x64-musl"]
checksum = "sha256:20a1f39ec1c45f2211492dcb8881c802b643b554bb196869a29ac3778277fa77"
url = "https://github.com/tree-sitter/tree-sitter/releases/download/v0.27.0/tree-sitter-linux-x64.gz"
url_api = "https://api.github.com/repos/tree-sitter/tree-sitter/releases/assets/536857303"
provenance = "github-attestations"

[tools.tree-sitter."platforms.macos-arm64"]
checksum = "sha256:70f7573b2b2e5371a5b58cc5227d2ad981fd5374596b9874e770af486060774e"
url = "https://github.com/tree-sitter/tree-sitter/releases/download/v0.27.0/tree-sitter-macos-arm64.gz"
url_api = "https://api.github.com/repos/tree-sitter/tree-sitter/releases/assets/536857317"
provenance = "github-attestations"

[tools.tree-sitter."platforms.macos-x64"]
checksum = "sha256:767528eaab3cca9d929fb96b4cb11cc9f03e09e293675151875c0fe5f79c06f0"
url = "https://github.com/tree-sitter/tree-sitter/releases/download/v0.27.0/tree-sitter-macos-x64.gz"
url_api = "https://api.github.com/repos/tree-sitter/tree-sitter/releases/assets/536857318"
provenance = "github-attestations"

[[tools.usage]]
version = "6.8.0"
backend = "aqua:jdx/usage"

[tools.usage."platforms.linux-arm64"]
checksum = "sha256:5ac012d6a7a1aaa5049e22afb77c3ec76768c2203d323d6d26a7b494ddccc780"
url = "https://github.com/jdx/usage/releases/download/v6.8.0/usage-aarch64-unknown-linux-gnu.tar.gz"
url_api = "https://api.github.com/repos/jdx/usage/releases/assets/547479496"

[tools.usage."platforms.linux-arm64-musl"]
checksum = "sha256:a9b15be628824117d03d1ca2b7e1a42b5acfd5b8d1a6bfeffaa8256f2616a66e"
url = "https://github.com/jdx/usage/releases/download/v6.8.0/usage-aarch64-unknown-linux-musl.tar.gz"
url_api = "https://api.github.com/repos/jdx/usage/releases/assets/547479495"

[tools.usage."platforms.linux-x64"]
checksum = "sha256:468c27b16302250cf74f2bddb0d0539b958ae3a391d226acc73bdd714c2a18cb"
url = "https://github.com/jdx/usage/releases/download/v6.8.0/usage-x86_64-unknown-linux-gnu.tar.gz"
url_api = "https://api.github.com/repos/jdx/usage/releases/assets/547479229"

[tools.usage."platforms.linux-x64-musl"]
checksum = "sha256:62b44e6d10e636e4ff1e5f56366d84475d8282990a5882499cae658e95b99f32"
url = "https://github.com/jdx/usage/releases/download/v6.8.0/usage-x86_64-unknown-linux-musl.tar.gz"
url_api = "https://api.github.com/repos/jdx/usage/releases/assets/547479563"

[tools.usage."platforms.macos-arm64"]
checksum = "sha256:f6bfe2e5353e02769d3f6902d06db1cb201f84124df08465fd4826f9ce7ba632"
url = "https://github.com/jdx/usage/releases/download/v6.8.0/usage-universal-apple-darwin.tar.gz"
url_api = "https://api.github.com/repos/jdx/usage/releases/assets/547480261"

[tools.usage."platforms.macos-x64"]
checksum = "sha256:f6bfe2e5353e02769d3f6902d06db1cb201f84124df08465fd4826f9ce7ba632"
url = "https://github.com/jdx/usage/releases/download/v6.8.0/usage-universal-apple-darwin.tar.gz"
url_api = "https://api.github.com/repos/jdx/usage/releases/assets/547480261"

[[tools.uv]]
version = "0.12.11"
backend = "aqua:astral-sh/uv"

[tools.uv."platforms.linux-arm64"]
checksum = "sha256:e9933d907fb9cd27d606d819bbded419f2844c0e2efc98225ecfa409288eb28d"
url = "https://github.com/astral-sh/uv/releases/download/0.12.11/uv-aarch64-unknown-linux-gnu.tar.gz"
url_api = "https://api.github.com/repos/astral-sh/uv/releases/assets/551278504"
provenance = "github-attestations"

[tools.uv."platforms.linux-arm64-musl"]
checksum = "sha256:de99cafdeb5ee6f61ac3acd6d9dc6a1ef166f9398fa5623c436246ee1ecea099"
url = "https://github.com/astral-sh/uv/releases/download/0.12.11/uv-aarch64-unknown-linux-musl.tar.gz"
url_api = "https://api.github.com/repos/astral-sh/uv/releases/assets/551278510"
provenance = "github-attestations"

[tools.uv."platforms.linux-x64"]
checksum = "sha256:4ae93e0f148a18434cc094072547cec88912fc4a72b984183c7d0d0e9586cb5e"
url = "https://github.com/astral-sh/uv/releases/download/0.12.11/uv-x86_64-unknown-linux-gnu.tar.gz"
url_api = "https://api.github.com/repos/astral-sh/uv/releases/assets/551278642"
provenance = "github-attestations"

[tools.uv."platforms.linux-x64-musl"]
checksum = "sha256:3343303ad6b4f9537ae0abfb36f1926a90c0445ba8f23d0e0a840a66a124cffd"
url = "https://github.com/astral-sh/uv/releases/download/0.12.11/uv-x86_64-unknown-linux-musl.tar.gz"
url_api = "https://api.github.com/repos/astral-sh/uv/releases/assets/551278646"
provenance = "github-attestations"

[tools.uv."platforms.macos-arm64"]
checksum = "sha256:e01b69ee15e81918d5e8fc9cf39b3db7f59c5576e5e306cd9b7aeb2c7b7321c3"
url = "https://github.com/astral-sh/uv/releases/download/0.12.11/uv-aarch64-apple-darwin.tar.gz"
url_api = "https://api.github.com/repos/astral-sh/uv/releases/assets/551278468"
provenance = "github-attestations"

[tools.uv."platforms.macos-x64"]
checksum = "sha256:96d773bf5fda4f9b08c4444847f9183d1c14bc8a28ff9c0490e261a8fc6e5309"
url = "https://github.com/astral-sh/uv/releases/download/0.12.11/uv-x86_64-apple-darwin.tar.gz"
url_api = "https://api.github.com/repos/astral-sh/uv/releases/assets/551278628"
provenance = "github-attestations"

[[tools.xh]]
version = "0.26.2"
backend = "aqua:ducaale/xh"

[tools.xh."platforms.linux-arm64"]
checksum = "sha256:3a44900a8ac53f614aa0cd1d2e54ecf4e93584384c1ad091aa18d7992686d7eb"
url = "https://github.com/ducaale/xh/releases/download/v0.26.2/xh-v0.26.2-aarch64-unknown-linux-musl.tar.gz"
url_api = "https://api.github.com/repos/ducaale/xh/releases/assets/490411000"

[tools.xh."platforms.linux-arm64-musl"]
checksum = "sha256:3a44900a8ac53f614aa0cd1d2e54ecf4e93584384c1ad091aa18d7992686d7eb"
url = "https://github.com/ducaale/xh/releases/download/v0.26.2/xh-v0.26.2-aarch64-unknown-linux-musl.tar.gz"
url_api = "https://api.github.com/repos/ducaale/xh/releases/assets/490411000"

[tools.xh."platforms.linux-x64"]
checksum = "sha256:8c53b6a23435754f9e2ea8ab8c0d0296a1921404b88132cf9b364ff6e8c22a6e"
url = "https://github.com/ducaale/xh/releases/download/v0.26.2/xh-v0.26.2-x86_64-unknown-linux-musl.tar.gz"
url_api = "https://api.github.com/repos/ducaale/xh/releases/assets/490410371"

[tools.xh."platforms.linux-x64-musl"]
checksum = "sha256:8c53b6a23435754f9e2ea8ab8c0d0296a1921404b88132cf9b364ff6e8c22a6e"
url = "https://github.com/ducaale/xh/releases/download/v0.26.2/xh-v0.26.2-x86_64-unknown-linux-musl.tar.gz"
url_api = "https://api.github.com/repos/ducaale/xh/releases/assets/490410371"

[tools.xh."platforms.macos-arm64"]
checksum = "sha256:cc5739d061a8469d0011ca0ab92d4a5cd726cc56f0ef30108953b119f54d0719"
url = "https://github.com/ducaale/xh/releases/download/v0.26.2/xh-v0.26.2-aarch64-apple-darwin.tar.gz"
url_api = "https://api.github.com/repos/ducaale/xh/releases/assets/490409756"

[tools.xh."platforms.macos-x64"]
checksum = "sha256:1f19ae1a2f411c58bd6943c638472cd5c4179ed019fe4f786e524b27da4c14a2"
url = "https://github.com/ducaale/xh/releases/download/v0.26.2/xh-v0.26.2-x86_64-apple-darwin.tar.gz"
url_api = "https://api.github.com/repos/ducaale/xh/releases/assets/490411268"

[[tools.yamllint]]
version = "1.38.0"
backend = "pipx:yamllint"
