# @generated - this file is auto-generated by `mise lock` https://mise.en.dev/dev-tools/mise-lock.html

[[tools.deno]]
version = "2.9.6"
backend = "core:deno"

[tools.deno."platforms.linux-arm64"]
checksum = "sha256:9a46afc6c392c7cd2ff71a31558935545b46408d0e87f7a86908c712721c046e"
url = "https://dl.deno.land/release/v2.9.6/deno-aarch64-unknown-linux-gnu.zip"

[tools.deno."platforms.linux-arm64-musl"]
checksum = "sha256:9a46afc6c392c7cd2ff71a31558935545b46408d0e87f7a86908c712721c046e"
url = "https://dl.deno.land/release/v2.9.6/deno-aarch64-unknown-linux-gnu.zip"

[tools.deno."platforms.linux-x64"]
checksum = "sha256:394f07f4da2bebe6ce6f1e7ce0fa16429b29b08c35e3fac3fe25972676dff4b2"
url = "https://dl.deno.land/release/v2.9.6/deno-x86_64-unknown-linux-gnu.zip"

[tools.deno."platforms.linux-x64-musl"]
checksum = "sha256:394f07f4da2bebe6ce6f1e7ce0fa16429b29b08c35e3fac3fe25972676dff4b2"
url = "https://dl.deno.land/release/v2.9.6/deno-x86_64-unknown-linux-gnu.zip"

[tools.deno."platforms.macos-arm64"]
checksum = "sha256:213a2f304f04d3c9cb5220669afad138f60a5aab1fe80962abdeb8f35807a472"
url = "https://dl.deno.land/release/v2.9.6/deno-aarch64-apple-darwin.zip"

[tools.deno."platforms.macos-x64"]
checksum = "sha256:7d4524b82bcc557fe020a1a5b56956ed42b992ae5b28026e8ad5d17329533f5f"
url = "https://dl.deno.land/release/v2.9.6/deno-x86_64-apple-darwin.zip"

[tools.deno."platforms.windows-x64"]
checksum = "sha256:15e5300b0ba3c3695a7621d90160a746ec9e710228cee639afa9d580f6e3cd11"
url = "https://dl.deno.land/release/v2.9.6/deno-x86_64-pc-windows-msvc.zip"

[[tools."go:github.com/andrew-grechkin/format-yaml"]]
version = "1.0.2"
backend = "go:github.com/andrew-grechkin/format-yaml"

[[tools."go:github.com/andrew-grechkin/update-yaml"]]
version = "1.5.3"
backend = "go:github.com/andrew-grechkin/update-yaml"

[[tools.k3d]]
version = "5.9.0"
backend = "aqua:k3d-io/k3d"

[tools.k3d."platforms.linux-arm64"]
checksum = "sha256:03cde5cf23e6e8e67de5a039ecf26e5b85aca82fba3e5d13dadf904cd218a250"
url = "https://github.com/k3d-io/k3d/releases/download/v5.9.0/k3d-linux-arm64"

[tools.k3d."platforms.linux-arm64-musl"]
checksum = "sha256:03cde5cf23e6e8e67de5a039ecf26e5b85aca82fba3e5d13dadf904cd218a250"
url = "https://github.com/k3d-io/k3d/releases/download/v5.9.0/k3d-linux-arm64"

[tools.k3d."platforms.linux-x64"]
checksum = "sha256:06d8f25bc3a971c4eb29e0ff08429b180402db0f4dec838c9eac427e296800a0"
url = "https://github.com/k3d-io/k3d/releases/download/v5.9.0/k3d-linux-amd64"

[tools.k3d."platforms.linux-x64-musl"]
checksum = "sha256:06d8f25bc3a971c4eb29e0ff08429b180402db0f4dec838c9eac427e296800a0"
url = "https://github.com/k3d-io/k3d/releases/download/v5.9.0/k3d-linux-amd64"

[tools.k3d."platforms.macos-arm64"]
checksum = "sha256:fe106541d5d0a3f18debcd4d432a16f8c0ce3e6ddc06f8fbb6f696a122313e00"
url = "https://github.com/k3d-io/k3d/releases/download/v5.9.0/k3d-darwin-arm64"

[tools.k3d."platforms.macos-x64"]
checksum = "sha256:b4aabc37534f95b9c764e7823f2df923f50d57600837aa60a06266cce47db732"
url = "https://github.com/k3d-io/k3d/releases/download/v5.9.0/k3d-darwin-amd64"

[tools.k3d."platforms.windows-x64"]
checksum = "sha256:49d0b9c796f5b8ba6f58a1dd5469e8b7b34bf9b6ce9078633eedb2789680a034"
url = "https://github.com/k3d-io/k3d/releases/download/v5.9.0/k3d-windows-amd64.exe"

[[tools.k9s]]
version = "0.51.0"
backend = "aqua:derailed/k9s"

[tools.k9s."platforms.linux-arm64"]
checksum = "sha256:3ee05c82e5f9198928a4e86133608ba6a2c10a2244d6a7789e820f78319d640c"
url = "https://github.com/derailed/k9s/releases/download/v0.51.0/k9s_Linux_arm64.tar.gz"

[tools.k9s."platforms.linux-arm64-musl"]
checksum = "sha256:3ee05c82e5f9198928a4e86133608ba6a2c10a2244d6a7789e820f78319d640c"
url = "https://github.com/derailed/k9s/releases/download/v0.51.0/k9s_Linux_arm64.tar.gz"

[tools.k9s."platforms.linux-x64"]
checksum = "sha256:c3752ad51a5a4015a113819c4eeb6e55a4d0e4b8e652494797532f6fc8161dd7"
url = "https://github.com/derailed/k9s/releases/download/v0.51.0/k9s_Linux_amd64.tar.gz"

[tools.k9s."platforms.linux-x64-musl"]
checksum = "sha256:c3752ad51a5a4015a113819c4eeb6e55a4d0e4b8e652494797532f6fc8161dd7"
url = "https://github.com/derailed/k9s/releases/download/v0.51.0/k9s_Linux_amd64.tar.gz"

[tools.k9s."platforms.macos-arm64"]
checksum = "sha256:9b8c0e8f461e5d33aeee43a67f5ef4aff646a008a786887b8266cbb153c610cc"
url = "https://github.com/derailed/k9s/releases/download/v0.51.0/k9s_Darwin_arm64.tar.gz"

[tools.k9s."platforms.macos-x64"]
checksum = "sha256:7e8802c57c45a0cd389e8fc38472243fe4cf48d8ad5957e189ce370e19e5eda0"
url = "https://github.com/derailed/k9s/releases/download/v0.51.0/k9s_Darwin_amd64.tar.gz"

[tools.k9s."platforms.windows-x64"]
checksum = "sha256:bba299f1877913979831543a008f2e104995d2ea4ac8f23d7f49c0444857d973"
url = "https://github.com/derailed/k9s/releases/download/v0.51.0/k9s_Windows_amd64.zip"
