# @generated - this file is auto-generated by `mise lock` https://mise.en.dev/dev-tools/mise-lock.html

[[tools.bats]]
version = "1.13.0"
backend = "aqua:bats-core/bats-core"

[tools.bats."platforms.linux-arm64"]
url = "https://github.com/bats-core/bats-core/archive/refs/tags/v1.13.0.tar.gz"

[tools.bats."platforms.linux-arm64-musl"]
url = "https://github.com/bats-core/bats-core/archive/refs/tags/v1.13.0.tar.gz"

[tools.bats."platforms.linux-x64"]
url = "https://github.com/bats-core/bats-core/archive/refs/tags/v1.13.0.tar.gz"

[tools.bats."platforms.linux-x64-musl"]
url = "https://github.com/bats-core/bats-core/archive/refs/tags/v1.13.0.tar.gz"

[tools.bats."platforms.macos-arm64"]
url = "https://github.com/bats-core/bats-core/archive/refs/tags/v1.13.0.tar.gz"

[tools.bats."platforms.macos-x64"]
url = "https://github.com/bats-core/bats-core/archive/refs/tags/v1.13.0.tar.gz"

[[tools.hurl]]
version = "8.0.1"
backend = "aqua:Orange-OpenSource/hurl"

[tools.hurl."platforms.linux-arm64"]
checksum = "sha256:bc4732df4754748e9bf296aa3832ec019f798afb399f1279b72ed37b6e04525c"
url = "https://github.com/Orange-OpenSource/hurl/releases/download/8.0.1/hurl-8.0.1-aarch64-unknown-linux-gnu.tar.gz"

[tools.hurl."platforms.linux-arm64-musl"]
checksum = "sha256:bc4732df4754748e9bf296aa3832ec019f798afb399f1279b72ed37b6e04525c"
url = "https://github.com/Orange-OpenSource/hurl/releases/download/8.0.1/hurl-8.0.1-aarch64-unknown-linux-gnu.tar.gz"

[tools.hurl."platforms.linux-x64"]
checksum = "sha256:cac7c4670d69444db120edb21fe06c97ba8c80dcc52279957c8dd18f05fb0c06"
url = "https://github.com/Orange-OpenSource/hurl/releases/download/8.0.1/hurl-8.0.1-x86_64-unknown-linux-gnu.tar.gz"

[tools.hurl."platforms.linux-x64-musl"]
checksum = "sha256:cac7c4670d69444db120edb21fe06c97ba8c80dcc52279957c8dd18f05fb0c06"
url = "https://github.com/Orange-OpenSource/hurl/releases/download/8.0.1/hurl-8.0.1-x86_64-unknown-linux-gnu.tar.gz"

[tools.hurl."platforms.macos-arm64"]
checksum = "sha256:b57928e246617df73cb1b2157f31f507dcbde6ae12e828cc53dde0e40e05bbbb"
url = "https://github.com/Orange-OpenSource/hurl/releases/download/8.0.1/hurl-8.0.1-aarch64-apple-darwin.tar.gz"

[tools.hurl."platforms.macos-x64"]
checksum = "sha256:55e95bb7a8d61ae6919eaaf96f260f0836f5b34c1b0f7731e38be803f6984367"
url = "https://github.com/Orange-OpenSource/hurl/releases/download/8.0.1/hurl-8.0.1-x86_64-apple-darwin.tar.gz"

[tools.hurl."platforms.windows-x64"]
checksum = "sha256:2bb8c64ea3dbde464b92432cedd48aaa0fafdff4a39cb9c05c271c306bc8f124"
url = "https://github.com/Orange-OpenSource/hurl/releases/download/8.0.1/hurl-8.0.1-x86_64-pc-windows-msvc.zip"

[[tools.hwatch]]
version = "0.4.2"
backend = "aqua:blacknon/hwatch"

[tools.hwatch."platforms.linux-x64"]
checksum = "sha256:9d1c6a61b1f04f9e1aa84fe18634a6296aa22061c62d39416a3fa23fba066803"
url = "https://github.com/blacknon/hwatch/releases/download/0.4.2/hwatch-0.4.2.x86_64-unknown-linux-musl.tar.gz"

[tools.hwatch."platforms.linux-x64-musl"]
checksum = "sha256:9d1c6a61b1f04f9e1aa84fe18634a6296aa22061c62d39416a3fa23fba066803"
url = "https://github.com/blacknon/hwatch/releases/download/0.4.2/hwatch-0.4.2.x86_64-unknown-linux-musl.tar.gz"

[tools.hwatch."platforms.macos-arm64"]
checksum = "sha256:85306d655e3579b8777056161616af5591cab626d4988710740d3dc91f5beb9a"
url = "https://github.com/blacknon/hwatch/releases/download/0.4.2/hwatch-0.4.2.aarch64-apple-darwin.tar.gz"

[tools.hwatch."platforms.macos-x64"]
checksum = "sha256:4fc27987fc1bbe85eacb3e62408d7ef60dcbeb65aadbf864b6b22b0348533e2e"
url = "https://github.com/blacknon/hwatch/releases/download/0.4.2/hwatch-0.4.2.x86_64-apple-darwin.tar.gz"

[[tools.oauth2c]]
version = "1.20.0"
backend = "aqua:cloudentity/oauth2c"

[tools.oauth2c."platforms.linux-arm64"]
checksum = "sha256:36b4cf13dcccc32e667e1b8296fa5a62eb4086be82cd094e2e71a2903778ac0d"
url = "https://github.com/SecureAuthCorp/oauth2c/releases/download/v1.20.0/oauth2c_1.20.0_Linux_arm64.tar.gz"

[tools.oauth2c."platforms.linux-arm64-musl"]
checksum = "sha256:36b4cf13dcccc32e667e1b8296fa5a62eb4086be82cd094e2e71a2903778ac0d"
url = "https://github.com/SecureAuthCorp/oauth2c/releases/download/v1.20.0/oauth2c_1.20.0_Linux_arm64.tar.gz"

[tools.oauth2c."platforms.linux-x64"]
checksum = "sha256:9228fe4691206d1bf654c59df63038747e791cac8d03fda62ba4f0d87221a93d"
url = "https://github.com/SecureAuthCorp/oauth2c/releases/download/v1.20.0/oauth2c_1.20.0_Linux_x86_64.tar.gz"

[tools.oauth2c."platforms.linux-x64-musl"]
checksum = "sha256:9228fe4691206d1bf654c59df63038747e791cac8d03fda62ba4f0d87221a93d"
url = "https://github.com/SecureAuthCorp/oauth2c/releases/download/v1.20.0/oauth2c_1.20.0_Linux_x86_64.tar.gz"

[tools.oauth2c."platforms.macos-arm64"]
checksum = "sha256:a099377bd7f1913afbbc9b65473dba204db6bd105c81c01b46ccc342e35df308"
url = "https://github.com/SecureAuthCorp/oauth2c/releases/download/v1.20.0/oauth2c_1.20.0_Darwin_arm64.tar.gz"

[tools.oauth2c."platforms.macos-x64"]
checksum = "sha256:e8a897427619e82c6a711636ebf6bc382ce145ad2a61bdae5c035b451191ea6c"
url = "https://github.com/SecureAuthCorp/oauth2c/releases/download/v1.20.0/oauth2c_1.20.0_Darwin_x86_64.tar.gz"

[tools.oauth2c."platforms.windows-x64"]
checksum = "sha256:e3dc9ef089eadf8c9dffe7b16c3bee1ea8b0cb258a4e74a527c7b5eb689cc6e0"
url = "https://github.com/SecureAuthCorp/oauth2c/releases/download/v1.20.0/oauth2c_1.20.0_Windows_x86_64.tar.gz"

[[tools.ruby]]
version = "4.0.2"
backend = "core:ruby"

[tools.ruby."platforms.linux-arm64"]
checksum = "sha256:51502b26b50b68df4963336ca41e368cde92c928faf91654de4c4c1791f82aac"
url = "https://cache.ruby-lang.org/pub/ruby/4.0/ruby-4.0.2.tar.gz"

[tools.ruby."platforms.linux-arm64-musl"]
checksum = "sha256:51502b26b50b68df4963336ca41e368cde92c928faf91654de4c4c1791f82aac"
url = "https://cache.ruby-lang.org/pub/ruby/4.0/ruby-4.0.2.tar.gz"

[tools.ruby."platforms.linux-x64"]
checksum = "sha256:51502b26b50b68df4963336ca41e368cde92c928faf91654de4c4c1791f82aac"
url = "https://cache.ruby-lang.org/pub/ruby/4.0/ruby-4.0.2.tar.gz"

[tools.ruby."platforms.linux-x64-musl"]
checksum = "sha256:51502b26b50b68df4963336ca41e368cde92c928faf91654de4c4c1791f82aac"
url = "https://cache.ruby-lang.org/pub/ruby/4.0/ruby-4.0.2.tar.gz"

[tools.ruby."platforms.macos-arm64"]
checksum = "sha256:51502b26b50b68df4963336ca41e368cde92c928faf91654de4c4c1791f82aac"
url = "https://cache.ruby-lang.org/pub/ruby/4.0/ruby-4.0.2.tar.gz"

[tools.ruby."platforms.macos-x64"]
checksum = "sha256:51502b26b50b68df4963336ca41e368cde92c928faf91654de4c4c1791f82aac"
url = "https://cache.ruby-lang.org/pub/ruby/4.0/ruby-4.0.2.tar.gz"

[tools.ruby."platforms.windows-x64"]
checksum = "sha256:f6c562d507b272b892055f35ece3cbc65de5f3f2f63d18b7345a602af8c1e655"
url = "https://github.com/oneclick/rubyinstaller2/releases/download/RubyInstaller-4.0.2-1/rubyinstaller-4.0.2-1-x64.7z"

[[tools.step]]
version = "0.30.2"
backend = "aqua:smallstep/cli"

[tools.step."platforms.linux-arm64"]
checksum = "sha256:6cbde6df58737a440bb1376e5d9a97766345e0b018dbb3b4f580c406e5897e21"
url = "https://github.com/smallstep/cli/releases/download/v0.30.2/step_linux_arm64.tar.gz"

[tools.step."platforms.linux-arm64-musl"]
checksum = "sha256:6cbde6df58737a440bb1376e5d9a97766345e0b018dbb3b4f580c406e5897e21"
url = "https://github.com/smallstep/cli/releases/download/v0.30.2/step_linux_arm64.tar.gz"

[tools.step."platforms.linux-x64"]
checksum = "sha256:d10d4a3bd503ec00e918067cb561a1e72cc5eeab79adc4a651bab4890a0cdf75"
url = "https://github.com/smallstep/cli/releases/download/v0.30.2/step_linux_amd64.tar.gz"

[tools.step."platforms.linux-x64-musl"]
checksum = "sha256:d10d4a3bd503ec00e918067cb561a1e72cc5eeab79adc4a651bab4890a0cdf75"
url = "https://github.com/smallstep/cli/releases/download/v0.30.2/step_linux_amd64.tar.gz"

[tools.step."platforms.macos-arm64"]
checksum = "sha256:d07d3208aea5313a6317de3e82c77d16a59a5003392f5db00eac857597a85e1b"
url = "https://github.com/smallstep/cli/releases/download/v0.30.2/step_darwin_arm64.tar.gz"

[tools.step."platforms.macos-x64"]
checksum = "sha256:e0a54b8ee3c158a6febab3619b04fdb206fd7db5a609cd2933eeecb748b4db1d"
url = "https://github.com/smallstep/cli/releases/download/v0.30.2/step_darwin_amd64.tar.gz"

[tools.step."platforms.windows-x64"]
checksum = "sha256:528160a156bf9f4da056b13dba1a5127e5dca5eb3eda90e532445151efbe60c8"
url = "https://github.com/smallstep/cli/releases/download/v0.30.2/step_windows_amd64.zip"

[[tools.usage]]
version = "3.3.0"
backend = "aqua:jdx/usage"

[tools.usage."platforms.linux-arm64"]
checksum = "sha256:55a0c94c35bb9e2c5cbc223973667cd450759cd3410d4c5836ef2fdfd95adc57"
url = "https://github.com/jdx/usage/releases/download/v3.3.0/usage-aarch64-unknown-linux-musl.tar.gz"

[tools.usage."platforms.linux-arm64-musl"]
checksum = "sha256:55a0c94c35bb9e2c5cbc223973667cd450759cd3410d4c5836ef2fdfd95adc57"
url = "https://github.com/jdx/usage/releases/download/v3.3.0/usage-aarch64-unknown-linux-musl.tar.gz"

[tools.usage."platforms.linux-x64"]
checksum = "sha256:9a4316d633243aa54308ff3bf6970923b18c105dea34fbc3009d51889e1dd03f"
url = "https://github.com/jdx/usage/releases/download/v3.3.0/usage-x86_64-unknown-linux-musl.tar.gz"

[tools.usage."platforms.linux-x64-musl"]
checksum = "sha256:9a4316d633243aa54308ff3bf6970923b18c105dea34fbc3009d51889e1dd03f"
url = "https://github.com/jdx/usage/releases/download/v3.3.0/usage-x86_64-unknown-linux-musl.tar.gz"

[tools.usage."platforms.macos-arm64"]
checksum = "sha256:ab6c69a6541e18ffca7bd950dd4cc867ea9267d0f91115c13aa650cde6634d62"
url = "https://github.com/jdx/usage/releases/download/v3.3.0/usage-universal-apple-darwin.tar.gz"

[tools.usage."platforms.macos-x64"]
checksum = "sha256:ab6c69a6541e18ffca7bd950dd4cc867ea9267d0f91115c13aa650cde6634d62"
url = "https://github.com/jdx/usage/releases/download/v3.3.0/usage-universal-apple-darwin.tar.gz"

[tools.usage."platforms.windows-x64"]
checksum = "sha256:628b8743d552f2cff2dee2b783a4827ef555409def3fb9ec536117d96cda2018"
url = "https://github.com/jdx/usage/releases/download/v3.3.0/usage-x86_64-pc-windows-msvc.zip"

[[tools.yq]]
version = "4.53.2"
backend = "aqua:mikefarah/yq"

[tools.yq."platforms.linux-arm64"]
checksum = "sha256:03061b2a50c7a498de2bbb92d7cb078ce433011f085a4994117c2726be4106ea"
url = "https://github.com/mikefarah/yq/releases/download/v4.53.2/yq_linux_arm64"

[tools.yq."platforms.linux-arm64-musl"]
checksum = "sha256:03061b2a50c7a498de2bbb92d7cb078ce433011f085a4994117c2726be4106ea"
url = "https://github.com/mikefarah/yq/releases/download/v4.53.2/yq_linux_arm64"

[tools.yq."platforms.linux-x64"]
checksum = "sha256:d56bf5c6819e8e696340c312bd70f849dc1678a7cda9c2ad63eebd906371d56b"
url = "https://github.com/mikefarah/yq/releases/download/v4.53.2/yq_linux_amd64"

[tools.yq."platforms.linux-x64-musl"]
checksum = "sha256:d56bf5c6819e8e696340c312bd70f849dc1678a7cda9c2ad63eebd906371d56b"
url = "https://github.com/mikefarah/yq/releases/download/v4.53.2/yq_linux_amd64"

[tools.yq."platforms.macos-arm64"]
checksum = "sha256:541ba2287560df70f561955e2d7f7e1cd00cf2a15a884f6b5c87a4bfa887bc07"
url = "https://github.com/mikefarah/yq/releases/download/v4.53.2/yq_darwin_arm64"

[tools.yq."platforms.macos-x64"]
checksum = "sha256:616b0a0f6a5b79d746f05a169c2b9bb40dee00c605ef165b9a1c1681bba738ac"
url = "https://github.com/mikefarah/yq/releases/download/v4.53.2/yq_darwin_amd64"

[tools.yq."platforms.windows-x64"]
checksum = "sha256:2aee32f1de46a20672f48c25df3018839798bd509143f2ce05fdab1550ff5592"
url = "https://github.com/mikefarah/yq/releases/download/v4.53.2/yq_windows_amd64.exe"
